// !$*UTF8*$!
{
	archiveVersion = 1;
	classes = {
	};
	objectVersion = 46;
	objects = {

/* Begin PBXBuildFile section */
		451051DE1C39FB6700404CFF /* AppDelegate.swift in Sources */ = {isa = PBXBuildFile; fileRef = 451051DD1C39FB6700404CFF /* AppDelegate.swift */; };
		451051E51C39FB6700404CFF /* Assets.xcassets in Resources */ = {isa = PBXBuildFile; fileRef = 451051E41C39FB6700404CFF /* Assets.xcassets */; };
		451051E81C39FB6700404CFF /* LaunchScreen.storyboard in Resources */ = {isa = PBXBuildFile; fileRef = 451051E61C39FB6700404CFF /* LaunchScreen.storyboard */; };
		451051F11C39FB9C00404CFF /* CountDownSkill.swift in Sources */ = {isa = PBXBuildFile; fileRef = 451051F01C39FB9C00404CFF /* CountDownSkill.swift */; };
		451051F31C39FBAB00404CFF /* ViewController.swift in Sources */ = {isa = PBXBuildFile; fileRef = 451051F21C39FBAB00404CFF /* ViewController.swift */; };
		451051F81C39FC1700404CFF /* Main.storyboard in Resources */ = {isa = PBXBuildFile; fileRef = 451051F71C39FC1700404CFF /* Main.storyboard */; };
/* End PBXBuildFile section */

/* Begin PBXFileReference section */
		451051DA1C39FB6700404CFF /* CountDownSkill.app */ = {isa = PBXFileReference; explicitFileType = wrapper.application; includeInIndex = 0; path = CountDownSkill.app; sourceTree = BUILT_PRODUCTS_DIR; };
		451051DD1C39FB6700404CFF /* AppDelegate.swift */ = {isa = PBXFileReference; lastKnownFileType = sourcecode.swift; path = AppDelegate.swift; sourceTree = "<group>"; };
		451051E41C39FB6700404CFF /* Assets.xcassets */ = {isa = PBXFileReference; lastKnownFileType = folder.assetcatalog; path = Assets.xcassets; sourceTree = "<group>"; };
		451051E71C39FB6700404CFF /* Base */ = {isa = PBXFileReference; lastKnownFileType = file.storyboard; name = Base; path = Base.lproj/LaunchScreen.storyboard; sourceTree = "<group>"; };
		451051E91C39FB6700404CFF /* Info.plist */ = {isa = PBXFileReference; lastKnownFileType = text.plist.xml; path = Info.plist; sourceTree = "<group>"; };
		451051F01C39FB9C00404CFF /* CountDownSkill.swift */ = {isa = PBXFileReference; fileEncoding = 4; lastKnownFileType = sourcecode.swift; path = CountDownSkill.swift; sourceTree = "<group>"; };
		451051F21C39FBAB00404CFF /* ViewController.swift */ = {isa = PBXFileReference; fileEncoding = 4; lastKnownFileType = sourcecode.swift; path = ViewController.swift; sourceTree = "<group>"; };
		451051F71C39FC1700404CFF /* Main.storyboard */ = {isa = PBXFileReference; fileEncoding = 4; lastKnownFileType = file.storyboard; path = Main.storyboard; sourceTree = "<group>"; };
/* End PBXFileReference section */

/* Begin PBXFrameworksBuildPhase section */
		451051D71C39FB6700404CFF /* Frameworks */ = {
			isa = PBXFrameworksBuildPhase;
			buildActionMask = 2147483647;
			files = (
			);
			runOnlyForDeploymentPostprocessing = 0;
		};
/* End PBXFrameworksBuildPhase section */

/* Begin PBXGroup section */
		451051D11C39FB6700404CFF = {
			isa = PBXGroup;
			children = (
				451051DC1C39FB6700404CFF /* CountDownSkill */,
				451051DB1C39FB6700404CFF /* Products */,
			);
			sourceTree = "<group>";
		};
		451051DB1C39FB6700404CFF /* Products */ = {
			isa = PBXGroup;
			children = (
				451051DA1C39FB6700404CFF /* CountDownSkill.app */,
			);
			name = Products;
			sourceTree = "<group>";
		};
		451051DC1C39FB6700404CFF /* CountDownSkill */ = {
			isa = PBXGroup;
			children = (
				451051DD1C39FB6700404CFF /* AppDelegate.swift */,
				451051F21C39FBAB00404CFF /* ViewController.swift */,
				451051F01C39FB9C00404CFF /* CountDownSkill.swift */,
				451051F71C39FC1700404CFF /* Main.storyboard */,
				451051EF1C39FB8400404CFF /* Supporting Files */,
			);
			path = CountDownSkill;
			sourceTree = "<group>";
		};
		451051EF1C39FB8400404CFF /* Supporting Files */ = {
			isa = PBXGroup;
			children = (
				451051E41C39FB6700404CFF /* Assets.xcassets */,
				451051E61C39FB6700404CFF /* LaunchScreen.storyboard */,
				451051E91C39FB6700404CFF /* Info.plist */,
			);
			name = "Supporting Files";
			sourceTree = "<group>";
		};
/* End PBXGroup section */

/* Begin PBXNativeTarget section */
		451051D91C39FB6700404CFF /* CountDownSkill */ = {
			isa = PBXNativeTarget;
			buildConfigurationList = 451051EC1C39FB6700404CFF /* Build configuration list for PBXNativeTarget "CountDownSkill" */;
			buildPhases = (
				451051D61C39FB6700404CFF /* Sources */,
				451051D71C39FB6700404CFF /* Frameworks */,
				451051D81C39FB6700404CFF /* Resources */,
			);
			buildRules = (
			);
			dependencies = (
			);
			name = CountDownSkill;
			productName = CountDownSkill;
			productReference = 451051DA1C39FB6700404CFF /* CountDownSkill.app */;
			productType = "com.apple.product-type.application";
		};
/* End PBXNativeTarget section */

/* Begin PBXProject section */
		451051D21C39FB6700404CFF /* Project object */ = {
			isa = PBXProject;
			attributes = {
				LastSwiftUpdateCheck = 0720;
				LastUpgradeCheck = 0720;
				ORGANIZATIONNAME = LuoJie;
				TargetAttributes = {
					451051D91C39FB6700404CFF = {
						CreatedOnToolsVersion = 7.2;
					};
				};
			};
			buildConfigurationList = 451051D51C39FB6700404CFF /* Build configuration list for PBXProject "CountDownSkill" */;
			compatibilityVersion = "Xcode 3.2";
			developmentRegion = English;
			hasScannedForEncodings = 0;
			knownRegions = (
				en,
				Base,
			);
			mainGroup = 451051D11C39FB6700404CFF;
			productRefGroup = 451051DB1C39FB6700404CFF /* Products */;
			projectDirPath = "";
			projectRoot = "";
			targets = (
				451051D91C39FB6700404CFF /* CountDownSkill */,
			);
		};
/* End PBXProject section */

/* Begin PBXResourcesBuildPhase section */
		451051D81C39FB6700404CFF /* Resources */ = {
			isa = PBXResourcesBuildPhase;
			buildActionMask = 2147483647;
			files = (
				451051F81C39FC1700404CFF /* Main.storyboard in Resources */,
				451051E81C39FB6700404CFF /* LaunchScreen.storyboard in Resources */,
				451051E51C39FB6700404CFF /* Assets.xcassets in Resources */,
			);
			runOnlyForDeploymentPostprocessing = 0;
		};
/* End PBXResourcesBuildPhase section */

/* Begin PBXSourcesBuildPhase section */
		451051D61C39FB6700404CFF /* Sources */ = {
			isa = PBXSourcesBuildPhase;
			buildActionMask = 2147483647;
			files = (
				451051F31C39FBAB00404CFF /* ViewController.swift in Sources */,
				451051DE1C39FB6700404CFF /* AppDelegate.swift in Sources */,
				451051F11C39FB9C00404CFF /* CountDownSkill.swift in Sources */,
			);
			runOnlyForDeploymentPostprocessing = 0;
		};
/* End PBXSourcesBuildPhase section */

/* Begin PBXVariantGroup section */
		451051E61C39FB6700404CFF /* LaunchScreen.storyboard */ = {
			isa = PBXVariantGroup;
			children = (
				451051E71C39FB6700404CFF /* Base */,
			);
			name = LaunchScreen.storyboard;
			sourceTree = "<group>";
		};
/* End PBXVariantGroup section */

/* Begin XCBuildConfiguration section */
		451051EA1C39FB6700404CFF /* Debug */ = {
			isa = XCBuildConfiguration;
			buildSettings = {
				ALWAYS_SEARCH_USER_PATHS = NO;
				CLANG_CXX_LANGUAGE_STANDARD = "gnu++0x";
				CLANG_CXX_LIBRARY = "libc++";
				CLANG_ENABLE_MODULES = YES;
				CLANG_ENABLE_OBJC_ARC = YES;
				CLANG_WARN_BOOL_CONVERSION = YES;
				CLANG_WARN_CONSTANT_CONVERSION = YES;
				CLANG_WARN_DIRECT_OBJC_ISA_USAGE = YES_ERROR;
				CLANG_WARN_EMPTY_BODY = YES;
				CLANG_WARN_ENUM_CONVERSION = YES;
				CLANG_WARN_INT_CONVERSION = YES;
				CLANG_WARN_OBJC_ROOT_CLASS = YES_ERROR;
				CLANG_WARN_UNREACHABLE_CODE = YES;
				CLANG_WARN__DUPLICATE_METHOD_MATCH = YES;
				"CODE_SIGN_IDENTITY[sdk=iphoneos*]" = "iPhone Developer";
				COPY_PHASE_STRIP = NO;
				DEBUG_INFORMATION_FORMAT = dwarf;
				ENABLE_STRICT_OBJC_MSGSEND = YES;
				ENABLE_TESTABILITY = YES;
				GCC_C_LANGUAGE_STANDARD = gnu99;
				GCC_DYNAMIC_NO_PIC = NO;
				GCC_NO_COMMON_BLOCKS = YES;
				GCC_OPTIMIZATION_LEVEL = 0;
				GCC_PREPROCESSOR_DEFINITIONS = (
					"DEBUG=1",
					"$(inherited)",
				);
				GCC_WARN_64_TO_32_BIT_CONVERSION = YES;
				GCC_WARN_ABOUT_RETURN_TYPE = YES_ERROR;
				GCC_WARN_UNDECLARED_SELECTOR = YES;
				GCC_WARN_UNINITIALIZED_AUTOS = YES_AGGRESSIVE;
				GCC_WARN_UNUSED_FUNCTION = YES;
				GCC_WARN_UNUSED_VARIABLE = YES;
				IPHONEOS_DEPLOYMENT_TARGET = 9.2;
				MTL_ENABLE_DEBUG_INFO = YES;
				ONLY_ACTIVE_ARCH = YES;
				SDKROOT = iphoneos;
				SWIFT_OPTIMIZATION_LEVEL = "-Onone";
				TARGETED_DEVICE_FAMILY = "1,2";
			};
			name = Debug;
		};
		451051EB1C39FB6700404CFF /* Release */ = {
			isa = XCBuildConfiguration;
			buildSettings = {
				ALWAYS_SEARCH_USER_PATHS = NO;
				CLANG_CXX_LANGUAGE_STANDARD = "gnu++0x";
				CLANG_CXX_LIBRARY = "libc++";
				CLANG_ENABLE_MODULES = YES;
				CLANG_ENABLE_OBJC_ARC = YES;
				CLANG_WARN_BOOL_CONVERSION = YES;
				CLANG_WARN_CONSTANT_CONVERSION = YES;
				CLANG_WARN_DIRECT_OBJC_ISA_USAGE = YES_ERROR;
				CLANG_WARN_EMPTY_BODY = YES;
				CLANG_WARN_ENUM_CONVERSION = YES;
				CLANG_WARN_INT_CONVERSION = YES;
				CLANG_WARN_OBJC_ROOT_CLASS = YES_ERROR;
				CLANG_WARN_UNREACHABLE_CODE = YES;
				CLANG_WARN__DUPLICATE_METHOD_MATCH = YES;
				"CODE_SIGN_IDENTITY[sdk=iphoneos*]" = "iPhone Developer";
				COPY_PHASE_STRIP = NO;
				DEBUG_INFORMATION_FORMAT = "dwarf-with-dsym";
				ENABLE_NS_ASSERTIONS = NO;
				ENABLE_STRICT_OBJC_MSGSEND = YES;
				GCC_C_LANGUAGE_STANDARD = gnu99;
				GCC_NO_COMMON_BLOCKS = YES;
				GCC_WARN_64_TO_32_BIT_CONVERSION = YES;
				GCC_WARN_ABOUT_RETURN_TYPE = YES_ERROR;
				GCC_WARN_UNDECLARED_SELECTOR = YES;
				GCC_WARN_UNINITIALIZED_AUTOS = YES_AGGRESSIVE;
				GCC_WARN_UNUSED_FUNCTION = YES;
				GCC_WARN_UNUSED_VARIABLE = YES;
				IPHONEOS_DEPLOYMENT_TARGET = 9.2;
				MTL_ENABLE_DEBUG_INFO = NO;
				SDKROOT = iphoneos;
				TARGETED_DEVICE_FAMILY = "1,2";
				VALIDATE_PRODUCT = YES;
			};
			name = Release;
		};
		451051ED1C39FB6700404CFF /* Debug */ = {
			isa = XCBuildConfiguration;
			buildSettings = {
				ASSETCATALOG_COMPILER_APPICON_NAME = AppIcon;
				INFOPLIST_FILE = CountDownSkill/Info.plist;
				LD_RUNPATH_SEARCH_PATHS = "$(inherited) @executable_path/Frameworks";
				PRODUCT_BUNDLE_IDENTIFIER = cn.beeth0ven.CountDownSkill;
				PRODUCT_NAME = "$(TARGET_NAME)";
			};
			name = Debug;
		};
		451051EE1C39FB6700404CFF /* Release */ = {
			isa = XCBuildConfiguration;
			buildSettings = {
				ASSETCATALOG_COMPILER_APPICON_NAME = AppIcon;
				INFOPLIST_FILE = CountDownSkill/Info.plist;
				LD_RUNPATH_SEARCH_PATHS = "$(inherited) @executable_path/Frameworks";
				PRODUCT_BUNDLE_IDENTIFIER = cn.beeth0ven.CountDownSkill;
				PRODUCT_NAME = "$(TARGET_NAME)";
			};
			name = Release;
		};
/* End XCBuildConfiguration section */

/* Begin XCConfigurationList section */
		451051D51C39FB6700404CFF /* Build configuration list for PBXProject "CountDownSkill" */ = {
			isa = XCConfigurationList;
			buildConfigurations = (
				451051EA1C39FB6700404CFF /* Debug */,
				451051EB1C39FB6700404CFF /* Release */,
			);
			defaultConfigurationIsVisible = 0;
			defaultConfigurationName = Release;
		};
		451051EC1C39FB6700404CFF /* Build configuration list for PBXNativeTarget "CountDownSkill" */ = {
			isa = XCConfigurationList;
			buildConfigurations = (
				451051ED1C39FB6700404CFF /* Debug */,
				451051EE1C39FB6700404CFF /* Release */,
			);
			defaultConfigurationIsVisible = 0;
			defaultConfigurationName = Release;
		};
/* End XCConfigurationList section */
	};
	rootObject = 451051D21C39FB6700404CFF /* Project object */;
}
